
Microsoft Visual Studio Solution File, Format Version 12.00
# Visual Studio Version 17
VisualStudioVersion = 17.0.31919.166
MinimumVisualStudioVersion = 10.0.40219.1
Project("{FAE04EC0-301F-11D3-BF4B-00C04F79EFBC}") = "NutriCal", "NutriCal\NutriCal.csproj", "{830E4CA3-B7D2-4679-8D38-5212F7AF557A}"
EndProject
Global
	GlobalSection(SolutionConfigurationPlatforms) = preSolution
		Debug|Any CPU = Debug|Any CPU
		Release|Any CPU = Release|Any CPU
	EndGlobalSection
	GlobalSection(ProjectConfigurationPlatforms) = postSolution
		{830E4CA3-B7D2-4679-8D38-5212F7AF557A}.Debug|Any CPU.ActiveCfg = Debug|Any CPU
		{830E4CA3-B7D2-4679-8D38-5212F7AF557A}.Debug|Any CPU.Build.0 = Debug|Any CPU
		{830E4CA3-B7D2-4679-8D38-5212F7AF557A}.Release|Any CPU.ActiveCfg = Release|Any CPU
		{830E4CA3-B7D2-4679-8D38-5212F7AF557A}.Release|Any CPU.Build.0 = Release|Any CPU
	EndGlobalSection
	GlobalSection(SolutionProperties) = preSolution
		HideSolutionNode = FALSE
	EndGlobalSection
	GlobalSection(ExtensibilityGlobals) = postSolution
		SolutionGuid = {38CE5BF8-4075-49B9-A9E6-FEBEACA0F781}
	EndGlobalSection
EndGlobal
